{
    "_meta": {
        "hash": {
            "sha256": "9be1bb35d4056b155c66f91ede5575f72dbaade434501c93e70f516f3501ebc5"
        },
        "pipfile-spec": 6,
        "requires": {
            "python_version": "2.7"
        },
        "sources": [
            {
                "name": "pypi",
                "url": "https://pypi.org/simple",
                "verify_ssl": true
            }
        ]
    },
    "default": {
        "amqp": {
            "hashes": [
                "sha256:073dd02fdd73041bffc913b767866015147b61f2a9bc104daef172fc1a0066eb",
                "sha256:eed41946890cd43e8dee44a316b85cf6fee5a1a34bb4a562b660a358eb529e1b"
            ],
            "version": "==2.3.2"
        },
        "argparse": {
            "hashes": [
                "sha256:ddaf4b0a618335a32b6664d4ae038a1de8fbada3b25033f9021510ed2b3941a4"
            ],
            "index": "pypi",
            "version": "==1.2.1"
        },
        "billiard": {
            "hashes": [
                "sha256:ed65448da5877b5558f19d2f7f11f8355ea76b3e63e1c0a6059f47cfae5f1c84"
            ],
            "version": "==3.5.0.4"
        },
        "boto": {
            "hashes": [
                "sha256:bcff5e55e45a8fe0c3771e8056021d48714de96421d1edeec36d12f737503997",
                "sha256:c1599e66174a6cab633cb6bf5ec2590cce104c23d16395c02bda5ed93ea7947c"
            ],
            "index": "pypi",
            "version": "==2.28.0"
        },
        "celery": {
            "hashes": [
                "sha256:77dab4677e24dc654d42dfbdfed65fa760455b6bb563a0877ecc35f4cfcfc678",
                "sha256:ad7a7411772b80a4d6c64f2f7f723200e39fb66cf614a7fdfab76d345acc7b13"
            ],
            "index": "pypi",
            "version": "==4.2.1"
        },
        "certifi": {
            "hashes": [
                "sha256:339dc09518b07e2fa7eda5450740925974815557727d6bd35d319c1524a04a4c",
                "sha256:6d58c986d22b038c8c0df30d639f23a3e6d172a05c3583e766f4c0b785c0986a"
            ],
            "version": "==2018.10.15"
        },
        "chardet": {
            "hashes": [
                "sha256:84ab92ed1c4d4f16916e05906b6b75a6c0fb5db821cc65e70cbd64a3e2a5eaae",
                "sha256:fc323ffcaeaed0e0a02bf4d117757b98aed530d9ed4531e3e15460124c106691"
            ],
            "version": "==3.0.4"
        },
        "dnspython": {
            "hashes": [
                "sha256:40f563e1f7a7b80dc5a4e76ad75c23da53d62f1e15e6e517293b04e1f84ead7c",
                "sha256:861e6e58faa730f9845aaaa9c6c832851fbf89382ac52915a51f89c71accdd31"
            ],
            "version": "==1.15.0"
        },
        "enum34": {
            "hashes": [
                "sha256:2d81cbbe0e73112bdfe6ef8576f2238f2ba27dd0d55752a776c41d38b7da2850",
                "sha256:644837f692e5f550741432dd3f223bbb9852018674981b1664e5dc339387588a",
                "sha256:6bd0f6ad48ec2aa117d3d141940d484deccda84d4fcd884f5c3d93c23ecd8c79",
                "sha256:8ad8c4783bf61ded74527bffb48ed9b54166685e4230386a9ed9b1279e2df5b1"
            ],
            "markers": "python_version < '3.4'",
            "version": "==1.1.6"
        },
        "eventlet": {
            "hashes": [
                "sha256:c584163e006e613707e224552fafc63e4e0aa31d7de0ab18b481ac0b385254c8",
                "sha256:d9d31a3c8dbcedbcce5859a919956d934685b17323fc80e1077cb344a2ffa68d"
            ],
            "index": "pypi",
            "version": "==0.24.1"
        },
        "flask": {
            "hashes": [
                "sha256:4c83829ff83d408b5e1d4995472265411d2c414112298f2eb4b359d9e4563373"
            ],
            "index": "pypi",
            "version": "==0.10.1"
        },
        "flask-oauthlib": {
            "hashes": [
                "sha256:cbfe835902569909a19828582c3381148995ad677243016ccad9c951acf69406",
                "sha256:d3e8ea932df01177018c502e5a07eaeb5c27bcb5352b678f14e57f892272bb56"
            ],
            "index": "pypi",
            "version": "==0.9.5"
        },
        "flask-socketio": {
            "hashes": [
                "sha256:be85842328f7847f511cf8cd828739884403b86ab5b0d576dae4241dd920b415",
                "sha256:f49edfd3a44458fbb9f7a04a57069ffc0c37f000495194f943a25d370436bb69"
            ],
            "index": "pypi",
            "version": "==2.9.6"
        },
        "flask-sqlalchemy": {
            "hashes": [
                "sha256:990387d2cff83df7feb40e9d6b286f2679144258480249cbd47b88dc0939e886"
            ],
            "index": "pypi",
            "version": "==2.0"
        },
        "flask-wtf": {
            "hashes": [
                "sha256:40da66462df074c2a0fd209e6047972bc226125f6c484c8e367ea10e71ddd718",
                "sha256:df793b77a6b10d42abc9c948d99d35a8c86d11f2d711200235328601b5c12901"
            ],
            "index": "pypi",
            "version": "==0.10.3"
        },
        "greenlet": {
            "hashes": [
                "sha256:000546ad01e6389e98626c1367be58efa613fa82a1be98b0c6fc24b563acc6d0",
                "sha256:0d48200bc50cbf498716712129eef819b1729339e34c3ae71656964dac907c28",
                "sha256:23d12eacffa9d0f290c0fe0c4e81ba6d5f3a5b7ac3c30a5eaf0126bf4deda5c8",
                "sha256:37c9ba82bd82eb6a23c2e5acc03055c0e45697253b2393c9a50cef76a3985304",
                "sha256:51503524dd6f152ab4ad1fbd168fc6c30b5795e8c70be4410a64940b3abb55c0",
                "sha256:8041e2de00e745c0e05a502d6e6db310db7faa7c979b3a5877123548a4c0b214",
                "sha256:81fcd96a275209ef117e9ec91f75c731fa18dcfd9ffaa1c0adbdaa3616a86043",
                "sha256:853da4f9563d982e4121fed8c92eea1a4594a2299037b3034c3c898cb8e933d6",
                "sha256:8b4572c334593d449113f9dc8d19b93b7b271bdbe90ba7509eb178923327b625",
                "sha256:9416443e219356e3c31f1f918a91badf2e37acf297e2fa13d24d1cc2380f8fbc",
                "sha256:9854f612e1b59ec66804931df5add3b2d5ef0067748ea29dc60f0efdcda9a638",
                "sha256:99a26afdb82ea83a265137a398f570402aa1f2b5dfb4ac3300c026931817b163",
                "sha256:a19bf883b3384957e4a4a13e6bd1ae3d85ae87f4beb5957e35b0be287f12f4e4",
                "sha256:a9f145660588187ff835c55a7d2ddf6abfc570c2651c276d3d4be8a2766db490",
                "sha256:ac57fcdcfb0b73bb3203b58a14501abb7e5ff9ea5e2edfa06bb03035f0cff248",
                "sha256:bcb530089ff24f6458a81ac3fa699e8c00194208a724b644ecc68422e1111939",
                "sha256:beeabe25c3b704f7d56b573f7d2ff88fc99f0138e43480cecdfcaa3b87fe4f87",
                "sha256:d634a7ea1fc3380ff96f9e44d8d22f38418c1c381d5fac680b272d7d90883720",
                "sha256:d97b0661e1aead761f0ded3b769044bb00ed5d33e1ec865e891a8b128bf7c656"
            ],
            "version": "==0.4.15"
        },
        "gunicorn": {
            "hashes": [
                "sha256:aa8e0b40b4157b36a5df5e599f45c9c76d6af43845ba3b3b0efe2c70473c2471",
                "sha256:fa2662097c66f920f53f70621c6c58ca4a3c4d3434205e608e121b5b3b71f4f3"
            ],
            "index": "pypi",
            "version": "==19.9.0"
        },
        "idna": {
            "hashes": [
                "sha256:156a6814fb5ac1fc6850fb002e0852d56c0c8d2531923a51032d1b70760e186e",
                "sha256:684a38a6f903c1d71d6d5fac066b58d7768af4de2b832e426ec79c30daa94a16"
            ],
            "version": "==2.7"
        },
        "itsdangerous": {
            "hashes": [
                "sha256:cbb3fcf8d3e33df861709ecaf89d9e6629cff0a217bc2848f1b41cd30d360519"
            ],
            "index": "pypi",
            "version": "==0.24"
        },
        "jinja2": {
            "hashes": [
                "sha256:2e24ac5d004db5714976a04ac0e80c6df6e47e98c354cb2c0d82f8879d4f8fdb"
            ],
            "index": "pypi",
            "version": "==2.7.3"
        },
        "kombu": {
            "hashes": [
                "sha256:86adec6c60f63124e2082ea8481bbe4ebe04fde8ebed32c177c7f0cd2c1c9082",
                "sha256:b274db3a4eacc4789aeb24e1de3e460586db7c4fc8610f7adcc7a3a1709a60af"
            ],
            "version": "==4.2.1"
        },
        "lxml": {
            "hashes": [
                "sha256:0aa44ffdeaaf6ba45d61980bb2c07e87d4dcac7a8b5b9d458124bc1adcda5233",
                "sha256:0af9c9267b1257319d49e9c1e9abbf92a99f965bee3c4733e0f0f7578985182d",
                "sha256:0cddc6cde79e1932efc71d9974a4418184ad0b8ca46c633ad772b2c5eaf36b3c",
                "sha256:124a9d529eec5e10f307eb237df3efc43dd1fb7ebdb5da5e480c4ed372648b6b",
                "sha256:1d1e45584353e4d563685874707fc8c85cdd11b0ef3b79d77bb38046134d68a9",
                "sha256:2812bc45a7f53f366217b76a1c53e6728fbfa7f7524d16a321ea8f7131428bd1",
                "sha256:29697224b2df76edf7c2de9bcd90a26dd28fe85c5fd7f0171cae84f8383b227e",
                "sha256:36ffb216e2f361a5a0a7e219aea6cd44da11c64061baed273944aae21223186c",
                "sha256:4626d699551f66687e5f7e7f9b79bfce611e12edebfb9fec276e2df8ec46541e",
                "sha256:4c21d7304d37715e6aed756e4d0c374c99c9bb1fa8d64f546b95474b17ac23de",
                "sha256:57be98177ce784495dff53f40620995ad0a56456246ed9d51977e595de58e12e",
                "sha256:62bfcd0629991e1c1257ffd28df2ab31a5c44da4c06823c26ec0f472723a84ca",
                "sha256:71ac6dac6835de75aaf531cae9ffa447dae0783ba1f43bf6eaccfad3680a5b9c",
                "sha256:7769ac9203ebe6d8db16904c54d57d77360fcc1926ed7afaa86b04050e4afa5b",
                "sha256:7d96fbb5f23a62300aa9bef7d286cd61aca8902357619c8708c0290aba5df73f",
                "sha256:88583c6565c9299f617238a500f1a47510bac54daff7872d6a343f13361b659e",
                "sha256:8f52c4c8f1cf15419193026e731f34a3260a3ce7977b875ba1eb2517b8a3f660",
                "sha256:95b82fdfdaac71640b281da6b9a2c3700177ba5190a786881b184de744ad55de",
                "sha256:988d55112f196e12341b7c5138841c2b4f21f871eaa8f138c6ac4c46f28899f9",
                "sha256:9e08918b744b89d30750eca8598f37ae75b16202870db678fde970d85afed3e3",
                "sha256:b46f31e806f6884bd1053ad1d78ecaca6d1bc5dd94a1b783a6ff0bb4b3a60962",
                "sha256:c18f316cad969111b1ff9e84c82fbc9ae6f25f35701118182d384585940cdf80",
                "sha256:cef79715f2335bfc1ef7082bcb8b2bac87271431653455221a9127fde146208c",
                "sha256:cf63f590090404c52f179b7ceacb7cd549de3a1697bcfe2f79be180b2801d109",
                "sha256:d06260e6102b2f18dbee3736185cd6a2e1c88c0fad782bf8e9d7a7a1b24e02b0",
                "sha256:d0dc3e5737adcc9a23fd3d3d3072b887fefb48143309563f412ef7b0ebdfdb30",
                "sha256:dd98d4f88ce0abda2b02c1542d1de22dd342023f3ba09874bd95841283f29433",
                "sha256:f04b184984c23e0caac3c55eac2fe2dbb88726a5a1b35e23715eff6f29a4705c"
            ],
            "index": "pypi",
            "version": "==4.2.0"
        },
        "markupsafe": {
            "hashes": [
                "sha256:a4ec1aff59b95a14b45eb2e23761a0179e98319da5a7eb76b56ea8cdc7b871c3"
            ],
            "index": "pypi",
            "version": "==0.23"
        },
        "monotonic": {
            "hashes": [
                "sha256:23953d55076df038541e648a53676fb24980f7a1be290cdda21300b3bc21dfb0",
                "sha256:552a91f381532e33cbd07c6a2655a21908088962bb8fa7239ecbcc6ad1140cc7"
            ],
            "version": "==1.5"
        },
        "oauthlib": {
            "hashes": [
                "sha256:ac35665a61c1685c56336bda97d5eefa246f1202618a1d6f34fccb1bdd404162",
                "sha256:d883b36b21a6ad813953803edfa563b1b579d79ca758fe950d1bc9e8b326025b"
            ],
            "version": "==2.1.0"
        },
        "pymysql": {
            "hashes": [
                "sha256:07c6f082597cb7e048f3d96646334a17dd0ed263e080f9cc2c0762bb04cd6b35",
                "sha256:aa6e573cac12bbfc80f88356d1f1cdca96affa6e4f767825f1cf9f9ddd3125ae"
            ],
            "index": "pypi",
            "version": "==0.6.3"
        },
        "python-engineio": {
            "hashes": [
                "sha256:306a91fda59e3678b34755f475ff6b5b3dc0deb0272a23e213f2f259b5602c4c",
                "sha256:871f4d022eb9171e380281266ba2aef0759b264ba862350bc94e7a597a98a443"
            ],
            "index": "pypi",
            "version": "==2.3.2"
        },
        "python-socketio": {
            "hashes": [
                "sha256:3513110bc14db4c961c33af51169705bbaeead380ecafbe845275ac8c6f9395f",
                "sha256:bde24ef6132a3c2e1b24e77847b31d331abdf8da8c711f0ef9cee4785000e023"
            ],
            "index": "pypi",
            "version": "==2.0.0"
        },
        "pytz": {
            "hashes": [
                "sha256:31cb35c89bd7d333cd32c5f278fca91b523b0834369e757f4c5641ea252236ca",
                "sha256:8e0f8568c118d3077b46be7d654cc8167fa916092e28320cde048e54bfc9f1e6"
            ],
            "version": "==2018.7"
        },
        "redis": {
            "hashes": [
                "sha256:8a1900a9f2a0a44ecf6e8b5eb3e967a9909dfed219ad66df094f27f7d6f330fb",
                "sha256:a22ca993cea2962dbb588f9f30d0015ac4afcc45bee27d3978c0dbe9e97c6c0f"
            ],
            "index": "pypi",
            "version": "==2.10.6"
        },
        "requests": {
            "hashes": [
                "sha256:99dcfdaaeb17caf6e526f32b6a7b780461512ab3f1d992187801694cba42770c",
                "sha256:a84b8c9ab6239b578f22d1c21d51b696dcfe004032bb80ea832398d6909d7279"
            ],
            "version": "==2.20.0"
        },
        "requests-oauthlib": {
            "hashes": [
                "sha256:8886bfec5ad7afb391ed5443b1f697c6f4ae98d0e5620839d8b4499c032ada3f",
                "sha256:e21232e2465808c0e892e0e4dbb8c2faafec16ac6dc067dd546e9b466f3deac8"
            ],
            "version": "==1.0.0"
        },
        "six": {
            "hashes": [
                "sha256:70e8a77beed4562e7f14fe23a786b54f6296e34344c23bc42f07b15018ff98e9",
                "sha256:832dc0e10feb1aa2c68dcc57dbb658f1c7e65b9b61af69048abc87a2db00a0eb"
            ],
            "version": "==1.11.0"
        },
        "sqlalchemy": {
            "hashes": [
                "sha256:de3ac04ecab0a7e0af64eee30a71e723ba5886b958205f7354dd62439da60389"
            ],
            "index": "pypi",
            "version": "==0.9.8"
        },
        "urllib3": {
            "hashes": [
                "sha256:61bf29cada3fc2fbefad4fdf059ea4bd1b4a86d2b6d15e1c7c0b582b9752fe39",
                "sha256:de9529817c93f27c8ccbfead6985011db27bd0ddfcdb2d86f3f663385c6a9c22"
            ],
            "version": "==1.24.1"
        },
        "vine": {
            "hashes": [
                "sha256:52116d59bc45392af9fdd3b75ed98ae48a93e822cee21e5fda249105c59a7a72",
                "sha256:6849544be74ec3638e84d90bc1cf2e1e9224cc10d96cd4383ec3f69e9bce077b"
            ],
            "version": "==1.1.4"
        },
        "websocket-client": {
            "hashes": [
                "sha256:188b68b14fdb2d8eb1a111f21b9ffd2dbf1dbc4e4c1d28cf2c37cdbf1dd1cae6",
                "sha256:a453dc4dfa6e0db3d8fd7738a308a88effe6240c59f3226eb93e8f020c216149"
            ],
            "index": "pypi",
            "version": "==0.47.0"
        },
        "werkzeug": {
            "hashes": [
                "sha256:7f11e7e2e73eb22677cac1b11113eb6106f66cedef13d140e83cf6563c90b79c"
            ],
            "index": "pypi",
            "version": "==0.9.6"
        },
        "wsgiref": {
            "hashes": [
                "sha256:c7e610c800957046c04c8014aab8cce8f0b9f0495c8cd349e57c1f7cabf40e79"
            ],
            "index": "pypi",
            "version": "==0.1.2"
        },
        "wtforms": {
            "hashes": [
                "sha256:62859c74be4683601b5265ba83b9babd8a8f1cdd0ba31600fa1e70d295cd4ed2"
            ],
            "index": "pypi",
            "version": "==2.0.1"
        }
    },
    "develop": {}
}
